
Microsoft Visual Studio Solution File, Format Version 12.00
# Visual Studio 2017
Project("{FAE04EC0-301F-11D3-BF4B-00C04F79EFBC}") = "ToJ_02", "ToJ_02.csproj", "{D7D83B14-7174-5D8A-3366-038688D1DB0F}"
EndProject
Project("{FAE04EC0-301F-11D3-BF4B-00C04F79EFBC}") = "ToJ_02.Editor", "ToJ_02.Editor.csproj", "{C019BA8C-D205-9C4D-FCEF-901E864BBFD4}"
EndProject
Global
	GlobalSection(SolutionConfigurationPlatforms) = preSolution
		Debug|Any CPU = Debug|Any CPU
		Release|Any CPU = Release|Any CPU
	EndGlobalSection
	GlobalSection(ProjectConfigurationPlatforms) = postSolution
		{D7D83B14-7174-5D8A-3366-038688D1DB0F}.Debug|Any CPU.ActiveCfg = Debug|Any CPU
		{D7D83B14-7174-5D8A-3366-038688D1DB0F}.Debug|Any CPU.Build.0 = Debug|Any CPU
		{D7D83B14-7174-5D8A-3366-038688D1DB0F}.Release|Any CPU.ActiveCfg = Release|Any CPU
		{D7D83B14-7174-5D8A-3366-038688D1DB0F}.Release|Any CPU.Build.0 = Release|Any CPU
		{C019BA8C-D205-9C4D-FCEF-901E864BBFD4}.Debug|Any CPU.ActiveCfg = Debug|Any CPU
		{C019BA8C-D205-9C4D-FCEF-901E864BBFD4}.Debug|Any CPU.Build.0 = Debug|Any CPU
		{C019BA8C-D205-9C4D-FCEF-901E864BBFD4}.Release|Any CPU.ActiveCfg = Release|Any CPU
		{C019BA8C-D205-9C4D-FCEF-901E864BBFD4}.Release|Any CPU.Build.0 = Release|Any CPU
	EndGlobalSection
	GlobalSection(SolutionProperties) = preSolution
		HideSolutionNode = FALSE
	EndGlobalSection
EndGlobal
